// !$*UTF8*$!
{
	archiveVersion = 1;
	classes = {
	};
	objectVersion = 46;
	objects = {

/* Begin PBXBuildFile section */
		EE26A5781B76C42300A158A7 /* OpenGLView.m in Sources */ = {isa = PBXBuildFile; fileRef = EE26A5751B76C42300A158A7 /* OpenGLView.m */; };
		EE26A5791B76C42300A158A7 /* SimpleVertex.glsl in Resources */ = {isa = PBXBuildFile; fileRef = EE26A5761B76C42300A158A7 /* SimpleVertex.glsl */; };
		EE26A57A1B76C42300A158A7 /* SimpleFragment.glsl in Resources */ = {isa = PBXBuildFile; fileRef = EE26A5771B76C42300A158A7 /* SimpleFragment.glsl */; };
		EE26A57C1B76C46A00A158A7 /* Images.xcassets in Resources */ = {isa = PBXBuildFile; fileRef = EE26A57B1B76C46A00A158A7 /* Images.xcassets */; };
		EE26A5981B76CA0200A158A7 /* CC3Foundation.m in Sources */ = {isa = PBXBuildFile; fileRef = EE26A58F1B76CA0200A158A7 /* CC3Foundation.m */; };
		EE26A5991B76CA0200A158A7 /* CC3GLMatrix.m in Sources */ = {isa = PBXBuildFile; fileRef = EE26A5911B76CA0200A158A7 /* CC3GLMatrix.m */; };
		EE26A59A1B76CA0200A158A7 /* CC3Kazmath.c in Sources */ = {isa = PBXBuildFile; fileRef = EE26A5921B76CA0200A158A7 /* CC3Kazmath.c */; };
		EE26A59B1B76CA0200A158A7 /* CC3Math.m in Sources */ = {isa = PBXBuildFile; fileRef = EE26A5961B76CA0200A158A7 /* CC3Math.m */; };
		EE48243C1B61471B00C2EB61 /* SimpleVertex.glsl in Resources */ = {isa = PBXBuildFile; fileRef = EE48243B1B61471B00C2EB61 /* SimpleVertex.glsl */; };
		EE776B4C1B5D19ED00193928 /* OpenGLES.framework in Frameworks */ = {isa = PBXBuildFile; fileRef = EE776B4B1B5D19ED00193928 /* OpenGLES.framework */; };
		EEAD0C6C1B6931BB005EF486 /* Localizable.strings in Resources */ = {isa = PBXBuildFile; fileRef = EEAD0C6E1B6931BB005EF486 /* Localizable.strings */; };
		EEC6F7EF1B8ADC5000761DB1 /* AssistantFunctions.swift in Sources */ = {isa = PBXBuildFile; fileRef = EEC6F7EC1B8ADC5000761DB1 /* AssistantFunctions.swift */; };
		EEC6F7F01B8ADC5000761DB1 /* Functions.swift in Sources */ = {isa = PBXBuildFile; fileRef = EEC6F7ED1B8ADC5000761DB1 /* Functions.swift */; };
		EEC6F7F11B8ADC5000761DB1 /* Legacy.swift in Sources */ = {isa = PBXBuildFile; fileRef = EEC6F7EE1B8ADC5000761DB1 /* Legacy.swift */; };
		EEE2B5711B59400800D61BC7 /* main.m in Sources */ = {isa = PBXBuildFile; fileRef = EEE2B5701B59400800D61BC7 /* main.m */; };
		EEE2B58B1B59400800D61BC7 /* MeeowthTests.m in Sources */ = {isa = PBXBuildFile; fileRef = EEE2B58A1B59400800D61BC7 /* MeeowthTests.m */; };
		EEE2B5B51B59402E00D61BC7 /* AppDelegate.m in Sources */ = {isa = PBXBuildFile; fileRef = EEE2B5981B59402E00D61BC7 /* AppDelegate.m */; };
		EEE2B5B61B59402E00D61BC7 /* Graph.m in Sources */ = {isa = PBXBuildFile; fileRef = EEE2B59A1B59402E00D61BC7 /* Graph.m */; };
		EEE2B5B71B59402E00D61BC7 /* FormulaTextField.m in Sources */ = {isa = PBXBuildFile; fileRef = EEE2B59C1B59402E00D61BC7 /* FormulaTextField.m */; };
		EEE2B5B81B59402E00D61BC7 /* Main.storyboard in Resources */ = {isa = PBXBuildFile; fileRef = EEE2B59D1B59402E00D61BC7 /* Main.storyboard */; };
		EEE2B5B91B59402E00D61BC7 /* EquationView.m in Sources */ = {isa = PBXBuildFile; fileRef = EEE2B59F1B59402E00D61BC7 /* EquationView.m */; };
		EEE2B5BA1B59402E00D61BC7 /* FunctionView.m in Sources */ = {isa = PBXBuildFile; fileRef = EEE2B5A11B59402E00D61BC7 /* FunctionView.m */; };
		EEE2B5BB1B59402E00D61BC7 /* ModuleView.m in Sources */ = {isa = PBXBuildFile; fileRef = EEE2B5A31B59402E00D61BC7 /* ModuleView.m */; };
		EEE2B5BC1B59402E00D61BC7 /* DesignViewController.m in Sources */ = {isa = PBXBuildFile; fileRef = EEE2B5A51B59402E00D61BC7 /* DesignViewController.m */; };
		EEE2B5BD1B59402E00D61BC7 /* BezierPathScrollView.m in Sources */ = {isa = PBXBuildFile; fileRef = EEE2B5A71B59402E00D61BC7 /* BezierPathScrollView.m */; };
		EEE2B5BE1B59402E00D61BC7 /* KeyButton.m in Sources */ = {isa = PBXBuildFile; fileRef = EEE2B5A91B59402E00D61BC7 /* KeyButton.m */; };
		EEE2B5BF1B59402E00D61BC7 /* CalculationView.m in Sources */ = {isa = PBXBuildFile; fileRef = EEE2B5AB1B59402E00D61BC7 /* CalculationView.m */; };
		EEE2B5C01B59402E00D61BC7 /* FormulaWebView.m in Sources */ = {isa = PBXBuildFile; fileRef = EEE2B5AD1B59402E00D61BC7 /* FormulaWebView.m */; };
		EEE2B5C51B59402E00D61BC7 /* LaunchScreen.xib in Resources */ = {isa = PBXBuildFile; fileRef = EEE2B5B21B59402E00D61BC7 /* LaunchScreen.xib */; };
		EEE2B5CA1B5952D600D61BC7 /* Default.png in Resources */ = {isa = PBXBuildFile; fileRef = EEE2B5C61B5952D600D61BC7 /* Default.png */; };
		EEE2B5CB1B5952D600D61BC7 /* Default-568h@2x.png in Resources */ = {isa = PBXBuildFile; fileRef = EEE2B5C71B5952D600D61BC7 /* Default-568h@2x.png */; };
		EEE2B5CC1B5952D600D61BC7 /* Default@2x.png in Resources */ = {isa = PBXBuildFile; fileRef = EEE2B5C81B5952D600D61BC7 /* Default@2x.png */; };
		EEE2B5CD1B5952D600D61BC7 /* Default-Landscape~ipad.png in Resources */ = {isa = PBXBuildFile; fileRef = EEE2B5C91B5952D600D61BC7 /* Default-Landscape~ipad.png */; };
/* End PBXBuildFile section */

/* Begin PBXContainerItemProxy section */
		EEE2B5851B59400800D61BC7 /* PBXContainerItemProxy */ = {
			isa = PBXContainerItemProxy;
			containerPortal = EEE2B5631B59400800D61BC7 /* Project object */;
			proxyType = 1;
			remoteGlobalIDString = EEE2B56A1B59400800D61BC7;
			remoteInfo = Meeowth;
		};
/* End PBXContainerItemProxy section */

/* Begin PBXFileReference section */
		EE26A5741B76C42300A158A7 /* OpenGLView.h */ = {isa = PBXFileReference; fileEncoding = 4; lastKnownFileType = sourcecode.c.h; name = OpenGLView.h; path = ../../../../Desktop/OpenGLTest/OpenGLView.h; sourceTree = "<group>"; };
		EE26A5751B76C42300A158A7 /* OpenGLView.m */ = {isa = PBXFileReference; fileEncoding = 4; lastKnownFileType = sourcecode.c.objc; name = OpenGLView.m; path = ../../../../Desktop/OpenGLTest/OpenGLView.m; sourceTree = "<group>"; };
		EE26A5761B76C42300A158A7 /* SimpleVertex.glsl */ = {isa = PBXFileReference; fileEncoding = 4; lastKnownFileType = text; name = SimpleVertex.glsl; path = ../../../../Desktop/OpenGLTest/OpenGLTest/SimpleVertex.glsl; sourceTree = "<group>"; };
		EE26A5771B76C42300A158A7 /* SimpleFragment.glsl */ = {isa = PBXFileReference; fileEncoding = 4; lastKnownFileType = text; name = SimpleFragment.glsl; path = ../../../../Desktop/OpenGLTest/OpenGLTest/SimpleFragment.glsl; sourceTree = "<group>"; };
		EE26A57B1B76C46A00A158A7 /* Images.xcassets */ = {isa = PBXFileReference; lastKnownFileType = folder.assetcatalog; path = Images.xcassets; sourceTree = "<group>"; };
		EE26A58E1B76CA0200A158A7 /* CC3Foundation.h */ = {isa = PBXFileReference; fileEncoding = 4; lastKnownFileType = sourcecode.c.h; path = CC3Foundation.h; sourceTree = "<group>"; };
		EE26A58F1B76CA0200A158A7 /* CC3Foundation.m */ = {isa = PBXFileReference; fileEncoding = 4; lastKnownFileType = sourcecode.c.objc; path = CC3Foundation.m; sourceTree = "<group>"; };
		EE26A5901B76CA0200A158A7 /* CC3GLMatrix.h */ = {isa = PBXFileReference; fileEncoding = 4; lastKnownFileType = sourcecode.c.h; path = CC3GLMatrix.h; sourceTree = "<group>"; };
		EE26A5911B76CA0200A158A7 /* CC3GLMatrix.m */ = {isa = PBXFileReference; fileEncoding = 4; lastKnownFileType = sourcecode.c.objc; path = CC3GLMatrix.m; sourceTree = "<group>"; };
		EE26A5921B76CA0200A158A7 /* CC3Kazmath.c */ = {isa = PBXFileReference; fileEncoding = 4; lastKnownFileType = sourcecode.c.c; path = CC3Kazmath.c; sourceTree = "<group>"; };
		EE26A5931B76CA0200A158A7 /* CC3Kazmath.h */ = {isa = PBXFileReference; fileEncoding = 4; lastKnownFileType = sourcecode.c.h; path = CC3Kazmath.h; sourceTree = "<group>"; };
		EE26A5941B76CA0200A158A7 /* CC3Logging.h */ = {isa = PBXFileReference; fileEncoding = 4; lastKnownFileType = sourcecode.c.h; path = CC3Logging.h; sourceTree = "<group>"; };
		EE26A5951B76CA0200A158A7 /* CC3Math.h */ = {isa = PBXFileReference; fileEncoding = 4; lastKnownFileType = sourcecode.c.h; path = CC3Math.h; sourceTree = "<group>"; };
		EE26A5961B76CA0200A158A7 /* CC3Math.m */ = {isa = PBXFileReference; fileEncoding = 4; lastKnownFileType = sourcecode.c.objc; path = CC3Math.m; sourceTree = "<group>"; };
		EE26A5971B76CA0200A158A7 /* ccTypes.h */ = {isa = PBXFileReference; fileEncoding = 4; lastKnownFileType = sourcecode.c.h; path = ccTypes.h; sourceTree = "<group>"; };
		EE48243B1B61471B00C2EB61 /* SimpleVertex.glsl */ = {isa = PBXFileReference; fileEncoding = 4; lastKnownFileType = text; path = SimpleVertex.glsl; sourceTree = "<group>"; };
		EE776B4B1B5D19ED00193928 /* OpenGLES.framework */ = {isa = PBXFileReference; lastKnownFileType = wrapper.framework; name = OpenGLES.framework; path = System/Library/Frameworks/OpenGLES.framework; sourceTree = SDKROOT; };
		EEAD0C6F1B6931C0005EF486 /* en */ = {isa = PBXFileReference; lastKnownFileType = text.plist.strings; name = en; path = en.lproj/Localizable.strings; sourceTree = "<group>"; };
		EEC6F7EC1B8ADC5000761DB1 /* AssistantFunctions.swift */ = {isa = PBXFileReference; fileEncoding = 4; lastKnownFileType = sourcecode.swift; path = AssistantFunctions.swift; sourceTree = "<group>"; };
		EEC6F7ED1B8ADC5000761DB1 /* Functions.swift */ = {isa = PBXFileReference; fileEncoding = 4; lastKnownFileType = sourcecode.swift; path = Functions.swift; sourceTree = "<group>"; };
		EEC6F7EE1B8ADC5000761DB1 /* Legacy.swift */ = {isa = PBXFileReference; fileEncoding = 4; lastKnownFileType = sourcecode.swift; path = Legacy.swift; sourceTree = "<group>"; };
		EEE2B56B1B59400800D61BC7 /* Meeowth.app */ = {isa = PBXFileReference; explicitFileType = wrapper.application; includeInIndex = 0; path = Meeowth.app; sourceTree = BUILT_PRODUCTS_DIR; };
		EEE2B56F1B59400800D61BC7 /* Info.plist */ = {isa = PBXFileReference; lastKnownFileType = text.plist.xml; path = Info.plist; sourceTree = "<group>"; };
		EEE2B5701B59400800D61BC7 /* main.m */ = {isa = PBXFileReference; lastKnownFileType = sourcecode.c.objc; path = main.m; sourceTree = "<group>"; };
		EEE2B5841B59400800D61BC7 /* MeeowthTests.xctest */ = {isa = PBXFileReference; explicitFileType = wrapper.cfbundle; includeInIndex = 0; path = MeeowthTests.xctest; sourceTree = BUILT_PRODUCTS_DIR; };
		EEE2B5891B59400800D61BC7 /* Info.plist */ = {isa = PBXFileReference; lastKnownFileType = text.plist.xml; path = Info.plist; sourceTree = "<group>"; };
		EEE2B58A1B59400800D61BC7 /* MeeowthTests.m */ = {isa = PBXFileReference; lastKnownFileType = sourcecode.c.objc; path = MeeowthTests.m; sourceTree = "<group>"; };
		EEE2B5941B59402D00D61BC7 /* Meeowth-Bridging-Header.h */ = {isa = PBXFileReference; lastKnownFileType = sourcecode.c.h; path = "Meeowth-Bridging-Header.h"; sourceTree = "<group>"; };
		EEE2B5971B59402E00D61BC7 /* AppDelegate.h */ = {isa = PBXFileReference; fileEncoding = 4; lastKnownFileType = sourcecode.c.h; path = AppDelegate.h; sourceTree = "<group>"; };
		EEE2B5981B59402E00D61BC7 /* AppDelegate.m */ = {isa = PBXFileReference; fileEncoding = 4; lastKnownFileType = sourcecode.c.objc; path = AppDelegate.m; sourceTree = "<group>"; };
		EEE2B5991B59402E00D61BC7 /* Graph.h */ = {isa = PBXFileReference; fileEncoding = 4; lastKnownFileType = sourcecode.c.h; path = Graph.h; sourceTree = "<group>"; };
		EEE2B59A1B59402E00D61BC7 /* Graph.m */ = {isa = PBXFileReference; fileEncoding = 4; lastKnownFileType = sourcecode.c.objc; path = Graph.m; sourceTree = "<group>"; };
		EEE2B59B1B59402E00D61BC7 /* FormulaTextField.h */ = {isa = PBXFileReference; fileEncoding = 4; lastKnownFileType = sourcecode.c.h; path = FormulaTextField.h; sourceTree = "<group>"; };
		EEE2B59C1B59402E00D61BC7 /* FormulaTextField.m */ = {isa = PBXFileReference; fileEncoding = 4; lastKnownFileType = sourcecode.c.objc; path = FormulaTextField.m; sourceTree = "<group>"; };
		EEE2B59D1B59402E00D61BC7 /* Main.storyboard */ = {isa = PBXFileReference; fileEncoding = 4; lastKnownFileType = file.storyboard; path = Main.storyboard; sourceTree = "<group>"; };
		EEE2B59E1B59402E00D61BC7 /* EquationView.h */ = {isa = PBXFileReference; fileEncoding = 4; lastKnownFileType = sourcecode.c.h; path = EquationView.h; sourceTree = "<group>"; };
		EEE2B59F1B59402E00D61BC7 /* EquationView.m */ = {isa = PBXFileReference; fileEncoding = 4; lastKnownFileType = sourcecode.c.objc; path = EquationView.m; sourceTree = "<group>"; };
		EEE2B5A01B59402E00D61BC7 /* FunctionView.h */ = {isa = PBXFileReference; fileEncoding = 4; lastKnownFileType = sourcecode.c.h; path = FunctionView.h; sourceTree = "<group>"; };
		EEE2B5A11B59402E00D61BC7 /* FunctionView.m */ = {isa = PBXFileReference; fileEncoding = 4; lastKnownFileType = sourcecode.c.objc; path = FunctionView.m; sourceTree = "<group>"; };
		EEE2B5A21B59402E00D61BC7 /* ModuleView.h */ = {isa = PBXFileReference; fileEncoding = 4; lastKnownFileType = sourcecode.c.h; path = ModuleView.h; sourceTree = "<group>"; };
		EEE2B5A31B59402E00D61BC7 /* ModuleView.m */ = {isa = PBXFileReference; fileEncoding = 4; lastKnownFileType = sourcecode.c.objc; path = ModuleView.m; sourceTree = "<group>"; };
		EEE2B5A41B59402E00D61BC7 /* DesignViewController.h */ = {isa = PBXFileReference; fileEncoding = 4; lastKnownFileType = sourcecode.c.h; path = DesignViewController.h; sourceTree = "<group>"; };
		EEE2B5A51B59402E00D61BC7 /* DesignViewController.m */ = {isa = PBXFileReference; fileEncoding = 4; lastKnownFileType = sourcecode.c.objc; path = DesignViewController.m; sourceTree = "<group>"; };
		EEE2B5A61B59402E00D61BC7 /* BezierPathScrollView.h */ = {isa = PBXFileReference; fileEncoding = 4; lastKnownFileType = sourcecode.c.h; path = BezierPathScrollView.h; sourceTree = "<group>"; };
		EEE2B5A71B59402E00D61BC7 /* BezierPathScrollView.m */ = {isa = PBXFileReference; fileEncoding = 4; lastKnownFileType = sourcecode.c.objc; path = BezierPathScrollView.m; sourceTree = "<group>"; };
		EEE2B5A81B59402E00D61BC7 /* KeyButton.h */ = {isa = PBXFileReference; fileEncoding = 4; lastKnownFileType = sourcecode.c.h; path = KeyButton.h; sourceTree = "<group>"; };
		EEE2B5A91B59402E00D61BC7 /* KeyButton.m */ = {isa = PBXFileReference; fileEncoding = 4; lastKnownFileType = sourcecode.c.objc; path = KeyButton.m; sourceTree = "<group>"; };
		EEE2B5AA1B59402E00D61BC7 /* CalculationView.h */ = {isa = PBXFileReference; fileEncoding = 4; lastKnownFileType = sourcecode.c.h; path = CalculationView.h; sourceTree = "<group>"; };
		EEE2B5AB1B59402E00D61BC7 /* CalculationView.m */ = {isa = PBXFileReference; fileEncoding = 4; lastKnownFileType = sourcecode.c.objc; path = CalculationView.m; sourceTree = "<group>"; };
		EEE2B5AC1B59402E00D61BC7 /* FormulaWebView.h */ = {isa = PBXFileReference; fileEncoding = 4; lastKnownFileType = sourcecode.c.h; path = FormulaWebView.h; sourceTree = "<group>"; };
		EEE2B5AD1B59402E00D61BC7 /* FormulaWebView.m */ = {isa = PBXFileReference; fileEncoding = 4; lastKnownFileType = sourcecode.c.objc; path = FormulaWebView.m; sourceTree = "<group>"; };
		EEE2B5B21B59402E00D61BC7 /* LaunchScreen.xib */ = {isa = PBXFileReference; fileEncoding = 4; lastKnownFileType = file.xib; path = LaunchScreen.xib; sourceTree = "<group>"; };
		EEE2B5C61B5952D600D61BC7 /* Default.png */ = {isa = PBXFileReference; lastKnownFileType = image.png; path = Default.png; sourceTree = "<group>"; };
		EEE2B5C71B5952D600D61BC7 /* Default-568h@2x.png */ = {isa = PBXFileReference; lastKnownFileType = image.png; path = "Default-568h@2x.png"; sourceTree = "<group>"; };
		EEE2B5C81B5952D600D61BC7 /* Default@2x.png */ = {isa = PBXFileReference; lastKnownFileType = image.png; path = "Default@2x.png"; sourceTree = "<group>"; };
		EEE2B5C91B5952D600D61BC7 /* Default-Landscape~ipad.png */ = {isa = PBXFileReference; lastKnownFileType = image.png; path = "Default-Landscape~ipad.png"; sourceTree = "<group>"; };
/* End PBXFileReference section */

/* Begin PBXFrameworksBuildPhase section */
		EEE2B5681B59400800D61BC7 /* Frameworks */ = {
			isa = PBXFrameworksBuildPhase;
			buildActionMask = 2147483647;
			files = (
				EE776B4C1B5D19ED00193928 /* OpenGLES.framework in Frameworks */,
			);
			runOnlyForDeploymentPostprocessing = 0;
		};
		EEE2B5811B59400800D61BC7 /* Frameworks */ = {
			isa = PBXFrameworksBuildPhase;
			buildActionMask = 2147483647;
			files = (
			);
			runOnlyForDeploymentPostprocessing = 0;
		};
/* End PBXFrameworksBuildPhase section */

/* Begin PBXGroup section */
		EE26A58C1B76C4A100A158A7 /* 3d stuff */ = {
			isa = PBXGroup;
			children = (
				EE26A58D1B76CA0200A158A7 /* Cocos3DMathLib */,
				EE26A5741B76C42300A158A7 /* OpenGLView.h */,
				EE26A5751B76C42300A158A7 /* OpenGLView.m */,
				EE26A5761B76C42300A158A7 /* SimpleVertex.glsl */,
				EE26A5771B76C42300A158A7 /* SimpleFragment.glsl */,
			);
			name = "3d stuff";
			sourceTree = "<group>";
		};
		EE26A58D1B76CA0200A158A7 /* Cocos3DMathLib */ = {
			isa = PBXGroup;
			children = (
				EE26A58E1B76CA0200A158A7 /* CC3Foundation.h */,
				EE26A58F1B76CA0200A158A7 /* CC3Foundation.m */,
				EE26A5901B76CA0200A158A7 /* CC3GLMatrix.h */,
				EE26A5911B76CA0200A158A7 /* CC3GLMatrix.m */,
				EE26A5921B76CA0200A158A7 /* CC3Kazmath.c */,
				EE26A5931B76CA0200A158A7 /* CC3Kazmath.h */,
				EE26A5941B76CA0200A158A7 /* CC3Logging.h */,
				EE26A5951B76CA0200A158A7 /* CC3Math.h */,
				EE26A5961B76CA0200A158A7 /* CC3Math.m */,
				EE26A5971B76CA0200A158A7 /* ccTypes.h */,
			);
			path = Cocos3DMathLib;
			sourceTree = "<group>";
		};
		EEE2B5621B59400800D61BC7 = {
			isa = PBXGroup;
			children = (
				EE776B4B1B5D19ED00193928 /* OpenGLES.framework */,
				EEE2B56D1B59400800D61BC7 /* Meeowth */,
				EEE2B5871B59400800D61BC7 /* MeeowthTests */,
				EEE2B56C1B59400800D61BC7 /* Products */,
			);
			sourceTree = "<group>";
		};
		EEE2B56C1B59400800D61BC7 /* Products */ = {
			isa = PBXGroup;
			children = (
				EEE2B56B1B59400800D61BC7 /* Meeowth.app */,
				EEE2B5841B59400800D61BC7 /* MeeowthTests.xctest */,
			);
			name = Products;
			sourceTree = "<group>";
		};
		EEE2B56D1B59400800D61BC7 /* Meeowth */ = {
			isa = PBXGroup;
			children = (
				EE26A58C1B76C4A100A158A7 /* 3d stuff */,
				EE48243B1B61471B00C2EB61 /* SimpleVertex.glsl */,
				EEE2B5C61B5952D600D61BC7 /* Default.png */,
				EEE2B5C71B5952D600D61BC7 /* Default-568h@2x.png */,
				EEE2B5C81B5952D600D61BC7 /* Default@2x.png */,
				EEE2B5C91B5952D600D61BC7 /* Default-Landscape~ipad.png */,
				EEE2B5971B59402E00D61BC7 /* AppDelegate.h */,
				EEE2B5981B59402E00D61BC7 /* AppDelegate.m */,
				EEE2B5991B59402E00D61BC7 /* Graph.h */,
				EEE2B59A1B59402E00D61BC7 /* Graph.m */,
				EEE2B59B1B59402E00D61BC7 /* FormulaTextField.h */,
				EEE2B59C1B59402E00D61BC7 /* FormulaTextField.m */,
				EEE2B59D1B59402E00D61BC7 /* Main.storyboard */,
				EEE2B59E1B59402E00D61BC7 /* EquationView.h */,
				EEE2B59F1B59402E00D61BC7 /* EquationView.m */,
				EEE2B5A01B59402E00D61BC7 /* FunctionView.h */,
				EEE2B5A11B59402E00D61BC7 /* FunctionView.m */,
				EEE2B5A21B59402E00D61BC7 /* ModuleView.h */,
				EEE2B5A31B59402E00D61BC7 /* ModuleView.m */,
				EEE2B5A41B59402E00D61BC7 /* DesignViewController.h */,
				EEE2B5A51B59402E00D61BC7 /* DesignViewController.m */,
				EEAD0C6E1B6931BB005EF486 /* Localizable.strings */,
				EEE2B5A61B59402E00D61BC7 /* BezierPathScrollView.h */,
				EEE2B5A71B59402E00D61BC7 /* BezierPathScrollView.m */,
				EEE2B5A81B59402E00D61BC7 /* KeyButton.h */,
				EEE2B5A91B59402E00D61BC7 /* KeyButton.m */,
				EEE2B5AA1B59402E00D61BC7 /* CalculationView.h */,
				EEE2B5AB1B59402E00D61BC7 /* CalculationView.m */,
				EEE2B5AC1B59402E00D61BC7 /* FormulaWebView.h */,
				EEE2B5AD1B59402E00D61BC7 /* FormulaWebView.m */,
				EEE2B5B21B59402E00D61BC7 /* LaunchScreen.xib */,
				EEC6F7EC1B8ADC5000761DB1 /* AssistantFunctions.swift */,
				EEC6F7ED1B8ADC5000761DB1 /* Functions.swift */,
				EEC6F7EE1B8ADC5000761DB1 /* Legacy.swift */,
				EE26A57B1B76C46A00A158A7 /* Images.xcassets */,
				EEE2B56E1B59400800D61BC7 /* Supporting Files */,
				EEE2B5941B59402D00D61BC7 /* Meeowth-Bridging-Header.h */,
			);
			path = Meeowth;
			sourceTree = "<group>";
		};
		EEE2B56E1B59400800D61BC7 /* Supporting Files */ = {
			isa = PBXGroup;
			children = (
				EEE2B56F1B59400800D61BC7 /* Info.plist */,
				EEE2B5701B59400800D61BC7 /* main.m */,
			);
			name = "Supporting Files";
			sourceTree = "<group>";
		};
		EEE2B5871B59400800D61BC7 /* MeeowthTests */ = {
			isa = PBXGroup;
			children = (
				EEE2B58A1B59400800D61BC7 /* MeeowthTests.m */,
				EEE2B5881B59400800D61BC7 /* Supporting Files */,
			);
			path = MeeowthTests;
			sourceTree = "<group>";
		};
		EEE2B5881B59400800D61BC7 /* Supporting Files */ = {
			isa = PBXGroup;
			children = (
				EEE2B5891B59400800D61BC7 /* Info.plist */,
			);
			name = "Supporting Files";
			sourceTree = "<group>";
		};
/* End PBXGroup section */

/* Begin PBXNativeTarget section */
		EEE2B56A1B59400800D61BC7 /* Meeowth */ = {
			isa = PBXNativeTarget;
			buildConfigurationList = EEE2B58E1B59400800D61BC7 /* Build configuration list for PBXNativeTarget "Meeowth" */;
			buildPhases = (
				EEE2B5671B59400800D61BC7 /* Sources */,
				EEE2B5681B59400800D61BC7 /* Frameworks */,
				EEE2B5691B59400800D61BC7 /* Resources */,
			);
			buildRules = (
			);
			dependencies = (
			);
			name = Meeowth;
			productName = Meeowth;
			productReference = EEE2B56B1B59400800D61BC7 /* Meeowth.app */;
			productType = "com.apple.product-type.application";
		};
		EEE2B5831B59400800D61BC7 /* MeeowthTests */ = {
			isa = PBXNativeTarget;
			buildConfigurationList = EEE2B5911B59400800D61BC7 /* Build configuration list for PBXNativeTarget "MeeowthTests" */;
			buildPhases = (
				EEE2B5801B59400800D61BC7 /* Sources */,
				EEE2B5811B59400800D61BC7 /* Frameworks */,
				EEE2B5821B59400800D61BC7 /* Resources */,
			);
			buildRules = (
			);
			dependencies = (
				EEE2B5861B59400800D61BC7 /* PBXTargetDependency */,
			);
			name = MeeowthTests;
			productName = MeeowthTests;
			productReference = EEE2B5841B59400800D61BC7 /* MeeowthTests.xctest */;
			productType = "com.apple.product-type.bundle.unit-test";
		};
/* End PBXNativeTarget section */

/* Begin PBXProject section */
		EEE2B5631B59400800D61BC7 /* Project object */ = {
			isa = PBXProject;
			attributes = {
				LastUpgradeCheck = 0640;
				ORGANIZATIONNAME = "Dustin Liu";
				TargetAttributes = {
					EEE2B56A1B59400800D61BC7 = {
						CreatedOnToolsVersion = 6.4;
					};
					EEE2B5831B59400800D61BC7 = {
						CreatedOnToolsVersion = 6.4;
						TestTargetID = EEE2B56A1B59400800D61BC7;
					};
				};
			};
			buildConfigurationList = EEE2B5661B59400800D61BC7 /* Build configuration list for PBXProject "Meeowth" */;
			compatibilityVersion = "Xcode 3.2";
			developmentRegion = English;
			hasScannedForEncodings = 0;
			knownRegions = (
				en,
				Base,
			);
			mainGroup = EEE2B5621B59400800D61BC7;
			productRefGroup = EEE2B56C1B59400800D61BC7 /* Products */;
			projectDirPath = "";
			projectRoot = "";
			targets = (
				EEE2B56A1B59400800D61BC7 /* Meeowth */,
				EEE2B5831B59400800D61BC7 /* MeeowthTests */,
			);
		};
/* End PBXProject section */

/* Begin PBXResourcesBuildPhase section */
		EEE2B5691B59400800D61BC7 /* Resources */ = {
			isa = PBXResourcesBuildPhase;
			buildActionMask = 2147483647;
			files = (
				EEE2B5CD1B5952D600D61BC7 /* Default-Landscape~ipad.png in Resources */,
				EE48243C1B61471B00C2EB61 /* SimpleVertex.glsl in Resources */,
				EEE2B5CC1B5952D600D61BC7 /* Default@2x.png in Resources */,
				EEE2B5B81B59402E00D61BC7 /* Main.storyboard in Resources */,
				EE26A57C1B76C46A00A158A7 /* Images.xcassets in Resources */,
				EEAD0C6C1B6931BB005EF486 /* Localizable.strings in Resources */,
				EEE2B5C51B59402E00D61BC7 /* LaunchScreen.xib in Resources */,
				EE26A5791B76C42300A158A7 /* SimpleVertex.glsl in Resources */,
				EEE2B5CB1B5952D600D61BC7 /* Default-568h@2x.png in Resources */,
				EEE2B5CA1B5952D600D61BC7 /* Default.png in Resources */,
				EE26A57A1B76C42300A158A7 /* SimpleFragment.glsl in Resources */,
			);
			runOnlyForDeploymentPostprocessing = 0;
		};
		EEE2B5821B59400800D61BC7 /* Resources */ = {
			isa = PBXResourcesBuildPhase;
			buildActionMask = 2147483647;
			files = (
			);
			runOnlyForDeploymentPostprocessing = 0;
		};
/* End PBXResourcesBuildPhase section */

/* Begin PBXSourcesBuildPhase section */
		EEE2B5671B59400800D61BC7 /* Sources */ = {
			isa = PBXSourcesBuildPhase;
			buildActionMask = 2147483647;
			files = (
				EEE2B5BB1B59402E00D61BC7 /* ModuleView.m in Sources */,
				EEE2B5B61B59402E00D61BC7 /* Graph.m in Sources */,
				EEE2B5711B59400800D61BC7 /* main.m in Sources */,
				EE26A5781B76C42300A158A7 /* OpenGLView.m in Sources */,
				EEE2B5B71B59402E00D61BC7 /* FormulaTextField.m in Sources */,
				EEE2B5BC1B59402E00D61BC7 /* DesignViewController.m in Sources */,
				EEE2B5BD1B59402E00D61BC7 /* BezierPathScrollView.m in Sources */,
				EE26A59A1B76CA0200A158A7 /* CC3Kazmath.c in Sources */,
				EEC6F7F11B8ADC5000761DB1 /* Legacy.swift in Sources */,
				EEE2B5BA1B59402E00D61BC7 /* FunctionView.m in Sources */,
				EE26A59B1B76CA0200A158A7 /* CC3Math.m in Sources */,
				EEE2B5C01B59402E00D61BC7 /* FormulaWebView.m in Sources */,
				EEC6F7F01B8ADC5000761DB1 /* Functions.swift in Sources */,
				EEE2B5B91B59402E00D61BC7 /* EquationView.m in Sources */,
				EE26A5991B76CA0200A158A7 /* CC3GLMatrix.m in Sources */,
				EEE2B5B51B59402E00D61BC7 /* AppDelegate.m in Sources */,
				EEC6F7EF1B8ADC5000761DB1 /* AssistantFunctions.swift in Sources */,
				EEE2B5BF1B59402E00D61BC7 /* CalculationView.m in Sources */,
				EEE2B5BE1B59402E00D61BC7 /* KeyButton.m in Sources */,
				EE26A5981B76CA0200A158A7 /* CC3Foundation.m in Sources */,
			);
			runOnlyForDeploymentPostprocessing = 0;
		};
		EEE2B5801B59400800D61BC7 /* Sources */ = {
			isa = PBXSourcesBuildPhase;
			buildActionMask = 2147483647;
			files = (
				EEE2B58B1B59400800D61BC7 /* MeeowthTests.m in Sources */,
			);
			runOnlyForDeploymentPostprocessing = 0;
		};
/* End PBXSourcesBuildPhase section */

/* Begin PBXTargetDependency section */
		EEE2B5861B59400800D61BC7 /* PBXTargetDependency */ = {
			isa = PBXTargetDependency;
			target = EEE2B56A1B59400800D61BC7 /* Meeowth */;
			targetProxy = EEE2B5851B59400800D61BC7 /* PBXContainerItemProxy */;
		};
/* End PBXTargetDependency section */

/* Begin PBXVariantGroup section */
		EEAD0C6E1B6931BB005EF486 /* Localizable.strings */ = {
			isa = PBXVariantGroup;
			children = (
				EEAD0C6F1B6931C0005EF486 /* en */,
			);
			name = Localizable.strings;
			sourceTree = "<group>";
		};
/* End PBXVariantGroup section */

/* Begin XCBuildConfiguration section */
		EEE2B58C1B59400800D61BC7 /* Debug */ = {
			isa = XCBuildConfiguration;
			buildSettings = {
				ALWAYS_SEARCH_USER_PATHS = NO;
				CLANG_CXX_LANGUAGE_STANDARD = "gnu++0x";
				CLANG_CXX_LIBRARY = "libc++";
				CLANG_ENABLE_MODULES = YES;
				CLANG_ENABLE_OBJC_ARC = YES;
				CLANG_WARN_BOOL_CONVERSION = YES;
				CLANG_WARN_CONSTANT_CONVERSION = YES;
				CLANG_WARN_DIRECT_OBJC_ISA_USAGE = YES_ERROR;
				CLANG_WARN_EMPTY_BODY = YES;
				CLANG_WARN_ENUM_CONVERSION = YES;
				CLANG_WARN_INT_CONVERSION = YES;
				CLANG_WARN_OBJC_ROOT_CLASS = YES_ERROR;
				CLANG_WARN_UNREACHABLE_CODE = YES;
				CLANG_WARN__DUPLICATE_METHOD_MATCH = YES;
				"CODE_SIGN_IDENTITY[sdk=iphoneos*]" = "iPhone Developer";
				COPY_PHASE_STRIP = NO;
				DEBUG_INFORMATION_FORMAT = "dwarf-with-dsym";
				ENABLE_STRICT_OBJC_MSGSEND = YES;
				GCC_C_LANGUAGE_STANDARD = gnu99;
				GCC_DYNAMIC_NO_PIC = NO;
				GCC_NO_COMMON_BLOCKS = YES;
				GCC_OPTIMIZATION_LEVEL = 0;
				GCC_PREPROCESSOR_DEFINITIONS = (
					"DEBUG=1",
					"$(inherited)",
				);
				GCC_SYMBOLS_PRIVATE_EXTERN = NO;
				GCC_WARN_64_TO_32_BIT_CONVERSION = YES;
				GCC_WARN_ABOUT_RETURN_TYPE = YES_ERROR;
				GCC_WARN_UNDECLARED_SELECTOR = YES;
				GCC_WARN_UNINITIALIZED_AUTOS = YES_AGGRESSIVE;
				GCC_WARN_UNUSED_FUNCTION = YES;
				GCC_WARN_UNUSED_VARIABLE = YES;
				IPHONEOS_DEPLOYMENT_TARGET = 7.0;
				MTL_ENABLE_DEBUG_INFO = YES;
				ONLY_ACTIVE_ARCH = YES;
				SDKROOT = iphoneos;
				TARGETED_DEVICE_FAMILY = "1,2";
			};
			name = Debug;
		};
		EEE2B58D1B59400800D61BC7 /* Release */ = {
			isa = XCBuildConfiguration;
			buildSettings = {
				ALWAYS_SEARCH_USER_PATHS = NO;
				CLANG_CXX_LANGUAGE_STANDARD = "gnu++0x";
				CLANG_CXX_LIBRARY = "libc++";
				CLANG_ENABLE_MODULES = YES;
				CLANG_ENABLE_OBJC_ARC = YES;
				CLANG_WARN_BOOL_CONVERSION = YES;
				CLANG_WARN_CONSTANT_CONVERSION = YES;
				CLANG_WARN_DIRECT_OBJC_ISA_USAGE = YES_ERROR;
				CLANG_WARN_EMPTY_BODY = YES;
				CLANG_WARN_ENUM_CONVERSION = YES;
				CLANG_WARN_INT_CONVERSION = YES;
				CLANG_WARN_OBJC_ROOT_CLASS = YES_ERROR;
				CLANG_WARN_UNREACHABLE_CODE = YES;
				CLANG_WARN__DUPLICATE_METHOD_MATCH = YES;
				"CODE_SIGN_IDENTITY[sdk=iphoneos*]" = "iPhone Developer";
				COPY_PHASE_STRIP = NO;
				DEBUG_INFORMATION_FORMAT = "dwarf-with-dsym";
				ENABLE_NS_ASSERTIONS = NO;
				ENABLE_STRICT_OBJC_MSGSEND = YES;
				GCC_C_LANGUAGE_STANDARD = gnu99;
				GCC_NO_COMMON_BLOCKS = YES;
				GCC_WARN_64_TO_32_BIT_CONVERSION = YES;
				GCC_WARN_ABOUT_RETURN_TYPE = YES_ERROR;
				GCC_WARN_UNDECLARED_SELECTOR = YES;
				GCC_WARN_UNINITIALIZED_AUTOS = YES_AGGRESSIVE;
				GCC_WARN_UNUSED_FUNCTION = YES;
				GCC_WARN_UNUSED_VARIABLE = YES;
				IPHONEOS_DEPLOYMENT_TARGET = 7.0;
				MTL_ENABLE_DEBUG_INFO = NO;
				SDKROOT = iphoneos;
				TARGETED_DEVICE_FAMILY = "1,2";
				VALIDATE_PRODUCT = YES;
			};
			name = Release;
		};
		EEE2B58F1B59400800D61BC7 /* Debug */ = {
			isa = XCBuildConfiguration;
			buildSettings = {
				ASSETCATALOG_COMPILER_APPICON_NAME = AppIcon;
				CLANG_ENABLE_MODULES = YES;
				INFOPLIST_FILE = Meeowth/Info.plist;
				IPHONEOS_DEPLOYMENT_TARGET = 7.0;
				LD_RUNPATH_SEARCH_PATHS = "$(inherited) @executable_path/Frameworks";
				PRODUCT_NAME = "$(TARGET_NAME)";
				SWIFT_OBJC_BRIDGING_HEADER = "Meeowth/Meeowth-Bridging-Header.h";
				SWIFT_OPTIMIZATION_LEVEL = "-Onone";
			};
			name = Debug;
		};
		EEE2B5901B59400800D61BC7 /* Release */ = {
			isa = XCBuildConfiguration;
			buildSettings = {
				ASSETCATALOG_COMPILER_APPICON_NAME = AppIcon;
				CLANG_ENABLE_MODULES = YES;
				INFOPLIST_FILE = Meeowth/Info.plist;
				IPHONEOS_DEPLOYMENT_TARGET = 7.0;
				LD_RUNPATH_SEARCH_PATHS = "$(inherited) @executable_path/Frameworks";
				PRODUCT_NAME = "$(TARGET_NAME)";
				SWIFT_OBJC_BRIDGING_HEADER = "Meeowth/Meeowth-Bridging-Header.h";
			};
			name = Release;
		};
		EEE2B5921B59400800D61BC7 /* Debug */ = {
			isa = XCBuildConfiguration;
			buildSettings = {
				BUNDLE_LOADER = "$(TEST_HOST)";
				FRAMEWORK_SEARCH_PATHS = (
					"$(SDKROOT)/Developer/Library/Frameworks",
					"$(inherited)",
				);
				GCC_PREPROCESSOR_DEFINITIONS = (
					"DEBUG=1",
					"$(inherited)",
				);
				INFOPLIST_FILE = MeeowthTests/Info.plist;
				LD_RUNPATH_SEARCH_PATHS = "$(inherited) @executable_path/Frameworks @loader_path/Frameworks";
				PRODUCT_NAME = "$(TARGET_NAME)";
				TEST_HOST = "$(BUILT_PRODUCTS_DIR)/Meeowth.app/Meeowth";
			};
			name = Debug;
		};
		EEE2B5931B59400800D61BC7 /* Release */ = {
			isa = XCBuildConfiguration;
			buildSettings = {
				BUNDLE_LOADER = "$(TEST_HOST)";
				FRAMEWORK_SEARCH_PATHS = (
					"$(SDKROOT)/Developer/Library/Frameworks",
					"$(inherited)",
				);
				INFOPLIST_FILE = MeeowthTests/Info.plist;
				LD_RUNPATH_SEARCH_PATHS = "$(inherited) @executable_path/Frameworks @loader_path/Frameworks";
				PRODUCT_NAME = "$(TARGET_NAME)";
				TEST_HOST = "$(BUILT_PRODUCTS_DIR)/Meeowth.app/Meeowth";
			};
			name = Release;
		};
/* End XCBuildConfiguration section */

/* Begin XCConfigurationList section */
		EEE2B5661B59400800D61BC7 /* Build configuration list for PBXProject "Meeowth" */ = {
			isa = XCConfigurationList;
			buildConfigurations = (
				EEE2B58C1B59400800D61BC7 /* Debug */,
				EEE2B58D1B59400800D61BC7 /* Release */,
			);
			defaultConfigurationIsVisible = 0;
			defaultConfigurationName = Release;
		};
		EEE2B58E1B59400800D61BC7 /* Build configuration list for PBXNativeTarget "Meeowth" */ = {
			isa = XCConfigurationList;
			buildConfigurations = (
				EEE2B58F1B59400800D61BC7 /* Debug */,
				EEE2B5901B59400800D61BC7 /* Release */,
			);
			defaultConfigurationIsVisible = 0;
			defaultConfigurationName = Release;
		};
		EEE2B5911B59400800D61BC7 /* Build configuration list for PBXNativeTarget "MeeowthTests" */ = {
			isa = XCConfigurationList;
			buildConfigurations = (
				EEE2B5921B59400800D61BC7 /* Debug */,
				EEE2B5931B59400800D61BC7 /* Release */,
			);
			defaultConfigurationIsVisible = 0;
			defaultConfigurationName = Release;
		};
/* End XCConfigurationList section */
	};
	rootObject = EEE2B5631B59400800D61BC7 /* Project object */;
}
